
Microsoft Visual Studio Solution File, Format Version 12.00
# Visual Studio Version 17
VisualStudioVersion = 17.8.34330.188
MinimumVisualStudioVersion = 10.0.40219.1
Project("{FAE04EC0-301F-11D3-BF4B-00C04F79EFBC}") = "DataApp_WPF", "DataApp_WPF\DataApp_WPF.csproj", "{34EEDF92-E064-4866-84C0-6C282E4824A5}"
EndProject
Project("{FAE04EC0-301F-11D3-BF4B-00C04F79EFBC}") = "DataApp_ClassLibrary", "DataApp_ClassLibrary\DataApp_ClassLibrary.csproj", "{B48F2D9B-2A83-4C27-8B08-AF9225B00385}"
EndProject
Project("{FAE04EC0-301F-11D3-BF4B-00C04F79EFBC}") = "DataApp_ClassLibrary.Tests", "DataApp_ClassLibrary.Tests\DataApp_ClassLibrary.Tests.csproj", "{924F3425-4A3C-4916-94FB-A1B416C935FE}"
EndProject
Global
	GlobalSection(SolutionConfigurationPlatforms) = preSolution
		Debug|Any CPU = Debug|Any CPU
		Release|Any CPU = Release|Any CPU
	EndGlobalSection
	GlobalSection(ProjectConfigurationPlatforms) = postSolution
		{34EEDF92-E064-4866-84C0-6C282E4824A5}.Debug|Any CPU.ActiveCfg = Debug|Any CPU
		{34EEDF92-E064-4866-84C0-6C282E4824A5}.Debug|Any CPU.Build.0 = Debug|Any CPU
		{34EEDF92-E064-4866-84C0-6C282E4824A5}.Release|Any CPU.ActiveCfg = Release|Any CPU
		{34EEDF92-E064-4866-84C0-6C282E4824A5}.Release|Any CPU.Build.0 = Release|Any CPU
		{B48F2D9B-2A83-4C27-8B08-AF9225B00385}.Debug|Any CPU.ActiveCfg = Debug|Any CPU
		{B48F2D9B-2A83-4C27-8B08-AF9225B00385}.Debug|Any CPU.Build.0 = Debug|Any CPU
		{B48F2D9B-2A83-4C27-8B08-AF9225B00385}.Release|Any CPU.ActiveCfg = Release|Any CPU
		{B48F2D9B-2A83-4C27-8B08-AF9225B00385}.Release|Any CPU.Build.0 = Release|Any CPU
		{924F3425-4A3C-4916-94FB-A1B416C935FE}.Debug|Any CPU.ActiveCfg = Debug|Any CPU
		{924F3425-4A3C-4916-94FB-A1B416C935FE}.Debug|Any CPU.Build.0 = Debug|Any CPU
		{924F3425-4A3C-4916-94FB-A1B416C935FE}.Release|Any CPU.ActiveCfg = Release|Any CPU
		{924F3425-4A3C-4916-94FB-A1B416C935FE}.Release|Any CPU.Build.0 = Release|Any CPU
	EndGlobalSection
	GlobalSection(SolutionProperties) = preSolution
		HideSolutionNode = FALSE
	EndGlobalSection
	GlobalSection(ExtensibilityGlobals) = postSolution
		SolutionGuid = {EA4F5178-FF20-41A6-824F-13399EF7D840}
	EndGlobalSection
EndGlobal
